
Microsoft Visual Studio Solution File, Format Version 12.00
# Visual Studio 15
VisualStudioVersion = 15.0.27004.2006
MinimumVisualStudioVersion = 10.0.40219.1
Project("{9A19103F-16F7-4668-BE54-9A1E7A4F7556}") = "TaServer", "TAServer\TaServer.csproj", "{AE9EA27E-667C-4B23-B385-1CCD018B29E1}"
EndProject
Global
	GlobalSection(SolutionConfigurationPlatforms) = preSolution
		Debug|Any CPU = Debug|Any CPU
		Release|Any CPU = Release|Any CPU
	EndGlobalSection
	GlobalSection(ProjectConfigurationPlatforms) = postSolution
		{AE9EA27E-667C-4B23-B385-1CCD018B29E1}.Debug|Any CPU.ActiveCfg = Debug|Any CPU
		{AE9EA27E-667C-4B23-B385-1CCD018B29E1}.Debug|Any CPU.Build.0 = Debug|Any CPU
		{AE9EA27E-667C-4B23-B385-1CCD018B29E1}.Release|Any CPU.ActiveCfg = Release|Any CPU
		{AE9EA27E-667C-4B23-B385-1CCD018B29E1}.Release|Any CPU.Build.0 = Release|Any CPU
	EndGlobalSection
	GlobalSection(SolutionProperties) = preSolution
		HideSolutionNode = FALSE
	EndGlobalSection
	GlobalSection(ExtensibilityGlobals) = postSolution
		SolutionGuid = {A8D7236A-B8B5-4C85-AA39-97F84479BB05}
	EndGlobalSection
EndGlobal
